
Microsoft Visual Studio Solution File, Format Version 12.00
# Visual Studio 15
VisualStudioVersion = 15.0.27130.2024
MinimumVisualStudioVersion = 10.0.40219.1
Project("{FAE04EC0-301F-11D3-BF4B-00C04F79EFBC}") = "updater", "updater\updater.csproj", "{298F36E6-291F-4C3A-AA3F-F526E0188768}"
EndProject
Global
	GlobalSection(SolutionConfigurationPlatforms) = preSolution
		Debug|Any CPU = Debug|Any CPU
		Release|Any CPU = Release|Any CPU
	EndGlobalSection
	GlobalSection(ProjectConfigurationPlatforms) = postSolution
		{298F36E6-291F-4C3A-AA3F-F526E0188768}.Debug|Any CPU.ActiveCfg = Debug|Any CPU
		{298F36E6-291F-4C3A-AA3F-F526E0188768}.Debug|Any CPU.Build.0 = Debug|Any CPU
		{298F36E6-291F-4C3A-AA3F-F526E0188768}.Release|Any CPU.ActiveCfg = Release|Any CPU
		{298F36E6-291F-4C3A-AA3F-F526E0188768}.Release|Any CPU.Build.0 = Release|Any CPU
	EndGlobalSection
	GlobalSection(SolutionProperties) = preSolution
		HideSolutionNode = FALSE
	EndGlobalSection
	GlobalSection(ExtensibilityGlobals) = postSolution
		SolutionGuid = {8E453C04-4B59-40EF-97F9-444957C41610}
	EndGlobalSection
EndGlobal
